
Microsoft Visual Studio Solution File, Format Version 12.00
# Visual Studio Version 17
VisualStudioVersion = 17.0.32112.339
MinimumVisualStudioVersion = 10.0.40219.1
Project("{FAE04EC0-301F-11D3-BF4B-00C04F79EFBC}") = "ConsoleAppTeste", "ConsoleAppTeste\ConsoleAppTeste.csproj", "{20C30869-5AE2-4E5A-A7B9-7D5E12701B25}"
EndProject
Global
	GlobalSection(SolutionConfigurationPlatforms) = preSolution
		Debug|Any CPU = Debug|Any CPU
		Release|Any CPU = Release|Any CPU
	EndGlobalSection
	GlobalSection(ProjectConfigurationPlatforms) = postSolution
		{20C30869-5AE2-4E5A-A7B9-7D5E12701B25}.Debug|Any CPU.ActiveCfg = Debug|Any CPU
		{20C30869-5AE2-4E5A-A7B9-7D5E12701B25}.Debug|Any CPU.Build.0 = Debug|Any CPU
		{20C30869-5AE2-4E5A-A7B9-7D5E12701B25}.Release|Any CPU.ActiveCfg = Release|Any CPU
		{20C30869-5AE2-4E5A-A7B9-7D5E12701B25}.Release|Any CPU.Build.0 = Release|Any CPU
	EndGlobalSection
	GlobalSection(SolutionProperties) = preSolution
		HideSolutionNode = FALSE
	EndGlobalSection
	GlobalSection(ExtensibilityGlobals) = postSolution
		SolutionGuid = {7E7E1367-62F4-4BA3-BF55-865DDEEA7864}
	EndGlobalSection
EndGlobal
